
Microsoft Visual Studio Solution File, Format Version 12.00
# Visual Studio Version 16
VisualStudioVersion = 16.0.32106.194
MinimumVisualStudioVersion = 10.0.40219.1
Project("{9A19103F-16F7-4668-BE54-9A1E7A4F7556}") = "ExpensesTrackingApp", "ExpensesTrackingApp\ExpensesTrackingApp.csproj", "{8102C017-AB13-495F-A3B8-948B60367103}"
EndProject
Global
	GlobalSection(SolutionConfigurationPlatforms) = preSolution
		Debug|Any CPU = Debug|Any CPU
		Release|Any CPU = Release|Any CPU
	EndGlobalSection
	GlobalSection(ProjectConfigurationPlatforms) = postSolution
		{8102C017-AB13-495F-A3B8-948B60367103}.Debug|Any CPU.ActiveCfg = Debug|Any CPU
		{8102C017-AB13-495F-A3B8-948B60367103}.Debug|Any CPU.Build.0 = Debug|Any CPU
		{8102C017-AB13-495F-A3B8-948B60367103}.Release|Any CPU.ActiveCfg = Release|Any CPU
		{8102C017-AB13-495F-A3B8-948B60367103}.Release|Any CPU.Build.0 = Release|Any CPU
	EndGlobalSection
	GlobalSection(SolutionProperties) = preSolution
		HideSolutionNode = FALSE
	EndGlobalSection
	GlobalSection(ExtensibilityGlobals) = postSolution
		SolutionGuid = {DF4F49C7-467A-4342-A85D-146FE9F5A58E}
	EndGlobalSection
EndGlobal
